// !$*UTF8*$!
{
	archiveVersion = 1;
	classes = {
	};
	objectVersion = 50;
	objects = {

/* Begin PBXBuildFile section */
		6CFC5D6B25265B5400D2507E /* AppDelegate.m in Sources */ = {isa = PBXBuildFile; fileRef = 6CFC5D6A25265B5400D2507E /* AppDelegate.m */; };
		6CFC5D6E25265B5400D2507E /* SceneDelegate.m in Sources */ = {isa = PBXBuildFile; fileRef = 6CFC5D6D25265B5400D2507E /* SceneDelegate.m */; };
		6CFC5D7125265B5400D2507E /* ViewController.m in Sources */ = {isa = PBXBuildFile; fileRef = 6CFC5D7025265B5400D2507E /* ViewController.m */; };
		6CFC5D7425265B5400D2507E /* Main.storyboard in Resources */ = {isa = PBXBuildFile; fileRef = 6CFC5D7225265B5400D2507E /* Main.storyboard */; };
		6CFC5D7625265B5700D2507E /* Assets.xcassets in Resources */ = {isa = PBXBuildFile; fileRef = 6CFC5D7525265B5700D2507E /* Assets.xcassets */; };
		6CFC5D7925265B5700D2507E /* LaunchScreen.storyboard in Resources */ = {isa = PBXBuildFile; fileRef = 6CFC5D7725265B5700D2507E /* LaunchScreen.storyboard */; };
		6CFC5D7C25265B5700D2507E /* main.m in Sources */ = {isa = PBXBuildFile; fileRef = 6CFC5D7B25265B5700D2507E /* main.m */; };
/* End PBXBuildFile section */

/* Begin PBXFileReference section */
		6CFC5D6625265B5400D2507E /* StarWars-C.app */ = {isa = PBXFileReference; explicitFileType = wrapper.application; includeInIndex = 0; path = "StarWars-C.app"; sourceTree = BUILT_PRODUCTS_DIR; };
		6CFC5D6925265B5400D2507E /* AppDelegate.h */ = {isa = PBXFileReference; lastKnownFileType = sourcecode.c.h; path = AppDelegate.h; sourceTree = "<group>"; };
		6CFC5D6A25265B5400D2507E /* AppDelegate.m */ = {isa = PBXFileReference; lastKnownFileType = sourcecode.c.objc; path = AppDelegate.m; sourceTree = "<group>"; };
		6CFC5D6C25265B5400D2507E /* SceneDelegate.h */ = {isa = PBXFileReference; lastKnownFileType = sourcecode.c.h; path = SceneDelegate.h; sourceTree = "<group>"; };
		6CFC5D6D25265B5400D2507E /* SceneDelegate.m */ = {isa = PBXFileReference; lastKnownFileType = sourcecode.c.objc; path = SceneDelegate.m; sourceTree = "<group>"; };
		6CFC5D6F25265B5400D2507E /* ViewController.h */ = {isa = PBXFileReference; lastKnownFileType = sourcecode.c.h; path = ViewController.h; sourceTree = "<group>"; };
		6CFC5D7025265B5400D2507E /* ViewController.m */ = {isa = PBXFileReference; lastKnownFileType = sourcecode.c.objc; path = ViewController.m; sourceTree = "<group>"; };
		6CFC5D7325265B5400D2507E /* Base */ = {isa = PBXFileReference; lastKnownFileType = file.storyboard; name = Base; path = Base.lproj/Main.storyboard; sourceTree = "<group>"; };
		6CFC5D7525265B5700D2507E /* Assets.xcassets */ = {isa = PBXFileReference; lastKnownFileType = folder.assetcatalog; path = Assets.xcassets; sourceTree = "<group>"; };
		6CFC5D7825265B5700D2507E /* Base */ = {isa = PBXFileReference; lastKnownFileType = file.storyboard; name = Base; path = Base.lproj/LaunchScreen.storyboard; sourceTree = "<group>"; };
		6CFC5D7A25265B5700D2507E /* Info.plist */ = {isa = PBXFileReference; lastKnownFileType = text.plist.xml; path = Info.plist; sourceTree = "<group>"; };
		6CFC5D7B25265B5700D2507E /* main.m */ = {isa = PBXFileReference; lastKnownFileType = sourcecode.c.objc; path = main.m; sourceTree = "<group>"; };
/* End PBXFileReference section */

/* Begin PBXFrameworksBuildPhase section */
		6CFC5D6325265B5400D2507E /* Frameworks */ = {
			isa = PBXFrameworksBuildPhase;
			buildActionMask = 2147483647;
			files = (
			);
			runOnlyForDeploymentPostprocessing = 0;
		};
/* End PBXFrameworksBuildPhase section */

/* Begin PBXGroup section */
		6CFC5D5D25265B5300D2507E = {
			isa = PBXGroup;
			children = (
				6CFC5D6825265B5400D2507E /* StarWars-C */,
				6CFC5D6725265B5400D2507E /* Products */,
			);
			sourceTree = "<group>";
		};
		6CFC5D6725265B5400D2507E /* Products */ = {
			isa = PBXGroup;
			children = (
				6CFC5D6625265B5400D2507E /* StarWars-C.app */,
			);
			name = Products;
			sourceTree = "<group>";
		};
		6CFC5D6825265B5400D2507E /* StarWars-C */ = {
			isa = PBXGroup;
			children = (
				6CFC5D6925265B5400D2507E /* AppDelegate.h */,
				6CFC5D6A25265B5400D2507E /* AppDelegate.m */,
				6CFC5D6C25265B5400D2507E /* SceneDelegate.h */,
				6CFC5D6D25265B5400D2507E /* SceneDelegate.m */,
				6CFC5D6F25265B5400D2507E /* ViewController.h */,
				6CFC5D7025265B5400D2507E /* ViewController.m */,
				6CFC5D7225265B5400D2507E /* Main.storyboard */,
				6CFC5D7525265B5700D2507E /* Assets.xcassets */,
				6CFC5D7725265B5700D2507E /* LaunchScreen.storyboard */,
				6CFC5D7A25265B5700D2507E /* Info.plist */,
				6CFC5D7B25265B5700D2507E /* main.m */,
			);
			path = "StarWars-C";
			sourceTree = "<group>";
		};
/* End PBXGroup section */

/* Begin PBXNativeTarget section */
		6CFC5D6525265B5400D2507E /* StarWars-C */ = {
			isa = PBXNativeTarget;
			buildConfigurationList = 6CFC5D7F25265B5700D2507E /* Build configuration list for PBXNativeTarget "StarWars-C" */;
			buildPhases = (
				6CFC5D6225265B5400D2507E /* Sources */,
				6CFC5D6325265B5400D2507E /* Frameworks */,
				6CFC5D6425265B5400D2507E /* Resources */,
			);
			buildRules = (
			);
			dependencies = (
			);
			name = "StarWars-C";
			productName = "StarWars-C";
			productReference = 6CFC5D6625265B5400D2507E /* StarWars-C.app */;
			productType = "com.apple.product-type.application";
		};
/* End PBXNativeTarget section */

/* Begin PBXProject section */
		6CFC5D5E25265B5300D2507E /* Project object */ = {
			isa = PBXProject;
			attributes = {
				LastUpgradeCheck = 1200;
				TargetAttributes = {
					6CFC5D6525265B5400D2507E = {
						CreatedOnToolsVersion = 12.0.1;
					};
				};
			};
			buildConfigurationList = 6CFC5D6125265B5300D2507E /* Build configuration list for PBXProject "StarWars-C" */;
			compatibilityVersion = "Xcode 9.3";
			developmentRegion = en;
			hasScannedForEncodings = 0;
			knownRegions = (
				en,
				Base,
			);
			mainGroup = 6CFC5D5D25265B5300D2507E;
			productRefGroup = 6CFC5D6725265B5400D2507E /* Products */;
			projectDirPath = "";
			projectRoot = "";
			targets = (
				6CFC5D6525265B5400D2507E /* StarWars-C */,
			);
		};
/* End PBXProject section */

/* Begin PBXResourcesBuildPhase section */
		6CFC5D6425265B5400D2507E /* Resources */ = {
			isa = PBXResourcesBuildPhase;
			buildActionMask = 2147483647;
			files = (
				6CFC5D7925265B5700D2507E /* LaunchScreen.storyboard in Resources */,
				6CFC5D7625265B5700D2507E /* Assets.xcassets in Resources */,
				6CFC5D7425265B5400D2507E /* Main.storyboard in Resources */,
			);
			runOnlyForDeploymentPostprocessing = 0;
		};
/* End PBXResourcesBuildPhase section */

/* Begin PBXSourcesBuildPhase section */
		6CFC5D6225265B5400D2507E /* Sources */ = {
			isa = PBXSourcesBuildPhase;
			buildActionMask = 2147483647;
			files = (
				6CFC5D7125265B5400D2507E /* ViewController.m in Sources */,
				6CFC5D6B25265B5400D2507E /* AppDelegate.m in Sources */,
				6CFC5D7C25265B5700D2507E /* main.m in Sources */,
				6CFC5D6E25265B5400D2507E /* SceneDelegate.m in Sources */,
			);
			runOnlyForDeploymentPostprocessing = 0;
		};
/* End PBXSourcesBuildPhase section */

/* Begin PBXVariantGroup section */
		6CFC5D7225265B5400D2507E /* Main.storyboard */ = {
			isa = PBXVariantGroup;
			children = (
				6CFC5D7325265B5400D2507E /* Base */,
			);
			name = Main.storyboard;
			sourceTree = "<group>";
		};
		6CFC5D7725265B5700D2507E /* LaunchScreen.storyboard */ = {
			isa = PBXVariantGroup;
			children = (
				6CFC5D7825265B5700D2507E /* Base */,
			);
			name = LaunchScreen.storyboard;
			sourceTree = "<group>";
		};
/* End PBXVariantGroup section */

/* Begin XCBuildConfiguration section */
		6CFC5D7D25265B5700D2507E /* Debug */ = {
			isa = XCBuildConfiguration;
			buildSettings = {
				ALWAYS_SEARCH_USER_PATHS = NO;
				CLANG_ANALYZER_NONNULL = YES;
				CLANG_ANALYZER_NUMBER_OBJECT_CONVERSION = YES_AGGRESSIVE;
				CLANG_CXX_LANGUAGE_STANDARD = "gnu++14";
				CLANG_CXX_LIBRARY = "libc++";
				CLANG_ENABLE_MODULES = YES;
				CLANG_ENABLE_OBJC_ARC = YES;
				CLANG_ENABLE_OBJC_WEAK = YES;
				CLANG_WARN_BLOCK_CAPTURE_AUTORELEASING = YES;
				CLANG_WARN_BOOL_CONVERSION = YES;
				CLANG_WARN_COMMA = YES;
				CLANG_WARN_CONSTANT_CONVERSION = YES;
				CLANG_WARN_DEPRECATED_OBJC_IMPLEMENTATIONS = YES;
				CLANG_WARN_DIRECT_OBJC_ISA_USAGE = YES_ERROR;
				CLANG_WARN_DOCUMENTATION_COMMENTS = YES;
				CLANG_WARN_EMPTY_BODY = YES;
				CLANG_WARN_ENUM_CONVERSION = YES;
				CLANG_WARN_INFINITE_RECURSION = YES;
				CLANG_WARN_INT_CONVERSION = YES;
				CLANG_WARN_NON_LITERAL_NULL_CONVERSION = YES;
				CLANG_WARN_OBJC_IMPLICIT_RETAIN_SELF = YES;
				CLANG_WARN_OBJC_LITERAL_CONVERSION = YES;
				CLANG_WARN_OBJC_ROOT_CLASS = YES_ERROR;
				CLANG_WARN_QUOTED_INCLUDE_IN_FRAMEWORK_HEADER = YES;
				CLANG_WARN_RANGE_LOOP_ANALYSIS = YES;
				CLANG_WARN_STRICT_PROTOTYPES = YES;
				CLANG_WARN_SUSPICIOUS_MOVE = YES;
				CLANG_WARN_UNGUARDED_AVAILABILITY = YES_AGGRESSIVE;
				CLANG_WARN_UNREACHABLE_CODE = YES;
				CLANG_WARN__DUPLICATE_METHOD_MATCH = YES;
				COPY_PHASE_STRIP = NO;
				DEBUG_INFORMATION_FORMAT = dwarf;
				ENABLE_STRICT_OBJC_MSGSEND = YES;
				ENABLE_TESTABILITY = YES;
				GCC_C_LANGUAGE_STANDARD = gnu11;
				GCC_DYNAMIC_NO_PIC = NO;
				GCC_NO_COMMON_BLOCKS = YES;
				GCC_OPTIMIZATION_LEVEL = 0;
				GCC_PREPROCESSOR_DEFINITIONS = (
					"DEBUG=1",
					"$(inherited)",
				);
				GCC_WARN_64_TO_32_BIT_CONVERSION = YES;
				GCC_WARN_ABOUT_RETURN_TYPE = YES_ERROR;
				GCC_WARN_UNDECLARED_SELECTOR = YES;
				GCC_WARN_UNINITIALIZED_AUTOS = YES_AGGRESSIVE;
				GCC_WARN_UNUSED_FUNCTION = YES;
				GCC_WARN_UNUSED_VARIABLE = YES;
				IPHONEOS_DEPLOYMENT_TARGET = 14.0;
				MTL_ENABLE_DEBUG_INFO = INCLUDE_SOURCE;
				MTL_FAST_MATH = YES;
				ONLY_ACTIVE_ARCH = YES;
				SDKROOT = iphoneos;
			};
			name = Debug;
		};
		6CFC5D7E25265B5700D2507E /* Release */ = {
			isa = XCBuildConfiguration;
			buildSettings = {
				ALWAYS_SEARCH_USER_PATHS = NO;
				CLANG_ANALYZER_NONNULL = YES;
				CLANG_ANALYZER_NUMBER_OBJECT_CONVERSION = YES_AGGRESSIVE;
				CLANG_CXX_LANGUAGE_STANDARD = "gnu++14";
				CLANG_CXX_LIBRARY = "libc++";
				CLANG_ENABLE_MODULES = YES;
				CLANG_ENABLE_OBJC_ARC = YES;
				CLANG_ENABLE_OBJC_WEAK = YES;
				CLANG_WARN_BLOCK_CAPTURE_AUTORELEASING = YES;
				CLANG_WARN_BOOL_CONVERSION = YES;
				CLANG_WARN_COMMA = YES;
				CLANG_WARN_CONSTANT_CONVERSION = YES;
				CLANG_WARN_DEPRECATED_OBJC_IMPLEMENTATIONS = YES;
				CLANG_WARN_DIRECT_OBJC_ISA_USAGE = YES_ERROR;
				CLANG_WARN_DOCUMENTATION_COMMENTS = YES;
				CLANG_WARN_EMPTY_BODY = YES;
				CLANG_WARN_ENUM_CONVERSION = YES;
				CLANG_WARN_INFINITE_RECURSION = YES;
				CLANG_WARN_INT_CONVERSION = YES;
				CLANG_WARN_NON_LITERAL_NULL_CONVERSION = YES;
				CLANG_WARN_OBJC_IMPLICIT_RETAIN_SELF = YES;
				CLANG_WARN_OBJC_LITERAL_CONVERSION = YES;
				CLANG_WARN_OBJC_ROOT_CLASS = YES_ERROR;
				CLANG_WARN_QUOTED_INCLUDE_IN_FRAMEWORK_HEADER = YES;
				CLANG_WARN_RANGE_LOOP_ANALYSIS = YES;
				CLANG_WARN_STRICT_PROTOTYPES = YES;
				CLANG_WARN_SUSPICIOUS_MOVE = YES;
				CLANG_WARN_UNGUARDED_AVAILABILITY = YES_AGGRESSIVE;
				CLANG_WARN_UNREACHABLE_CODE = YES;
				CLANG_WARN__DUPLICATE_METHOD_MATCH = YES;
				COPY_PHASE_STRIP = NO;
				DEBUG_INFORMATION_FORMAT = "dwarf-with-dsym";
				ENABLE_NS_ASSERTIONS = NO;
				ENABLE_STRICT_OBJC_MSGSEND = YES;
				GCC_C_LANGUAGE_STANDARD = gnu11;
				GCC_NO_COMMON_BLOCKS = YES;
				GCC_WARN_64_TO_32_BIT_CONVERSION = YES;
				GCC_WARN_ABOUT_RETURN_TYPE = YES_ERROR;
				GCC_WARN_UNDECLARED_SELECTOR = YES;
				GCC_WARN_UNINITIALIZED_AUTOS = YES_AGGRESSIVE;
				GCC_WARN_UNUSED_FUNCTION = YES;
				GCC_WARN_UNUSED_VARIABLE = YES;
				IPHONEOS_DEPLOYMENT_TARGET = 14.0;
				MTL_ENABLE_DEBUG_INFO = NO;
				MTL_FAST_MATH = YES;
				SDKROOT = iphoneos;
				VALIDATE_PRODUCT = YES;
			};
			name = Release;
		};
		6CFC5D8025265B5700D2507E /* Debug */ = {
			isa = XCBuildConfiguration;
			buildSettings = {
				ASSETCATALOG_COMPILER_APPICON_NAME = AppIcon;
				ASSETCATALOG_COMPILER_GLOBAL_ACCENT_COLOR_NAME = AccentColor;
				CODE_SIGN_STYLE = Automatic;
				DEVELOPMENT_TEAM = FK22X67JSW;
				INFOPLIST_FILE = "StarWars-C/Info.plist";
				LD_RUNPATH_SEARCH_PATHS = (
					"$(inherited)",
					"@executable_path/Frameworks",
				);
				PRODUCT_BUNDLE_IDENTIFIER = "com.LauraJelenich.StarWars-C";
				PRODUCT_NAME = "$(TARGET_NAME)";
				TARGETED_DEVICE_FAMILY = "1,2";
			};
			name = Debug;
		};
		6CFC5D8125265B5700D2507E /* Release */ = {
			isa = XCBuildConfiguration;
			buildSettings = {
				ASSETCATALOG_COMPILER_APPICON_NAME = AppIcon;
				ASSETCATALOG_COMPILER_GLOBAL_ACCENT_COLOR_NAME = AccentColor;
				CODE_SIGN_STYLE = Automatic;
				DEVELOPMENT_TEAM = FK22X67JSW;
				INFOPLIST_FILE = "StarWars-C/Info.plist";
				LD_RUNPATH_SEARCH_PATHS = (
					"$(inherited)",
					"@executable_path/Frameworks",
				);
				PRODUCT_BUNDLE_IDENTIFIER = "com.LauraJelenich.StarWars-C";
				PRODUCT_NAME = "$(TARGET_NAME)";
				TARGETED_DEVICE_FAMILY = "1,2";
			};
			name = Release;
		};
/* End XCBuildConfiguration section */

/* Begin XCConfigurationList section */
		6CFC5D6125265B5300D2507E /* Build configuration list for PBXProject "StarWars-C" */ = {
			isa = XCConfigurationList;
			buildConfigurations = (
				6CFC5D7D25265B5700D2507E /* Debug */,
				6CFC5D7E25265B5700D2507E /* Release */,
			);
			defaultConfigurationIsVisible = 0;
			defaultConfigurationName = Release;
		};
		6CFC5D7F25265B5700D2507E /* Build configuration list for PBXNativeTarget "StarWars-C" */ = {
			isa = XCConfigurationList;
			buildConfigurations = (
				6CFC5D8025265B5700D2507E /* Debug */,
				6CFC5D8125265B5700D2507E /* Release */,
			);
			defaultConfigurationIsVisible = 0;
			defaultConfigurationName = Release;
		};
/* End XCConfigurationList section */
	};
	rootObject = 6CFC5D5E25265B5300D2507E /* Project object */;
}
